// !$*UTF8*$!
{
	archiveVersion = 1;
	classes = {
	};
	objectVersion = 51;
	objects = {

/* Begin PBXBuildFile section */
		478DF2E62477955A00E19AC6 /* AppDelegate.swift in Sources */ = {isa = PBXBuildFile; fileRef = 478DF2E52477955A00E19AC6 /* AppDelegate.swift */; };
		478DF2E82477955A00E19AC6 /* SceneDelegate.swift in Sources */ = {isa = PBXBuildFile; fileRef = 478DF2E72477955A00E19AC6 /* SceneDelegate.swift */; };
		478DF2EC2477955C00E19AC6 /* Assets.xcassets in Resources */ = {isa = PBXBuildFile; fileRef = 478DF2EB2477955C00E19AC6 /* Assets.xcassets */; };
		478DF2EF2477955C00E19AC6 /* Preview Assets.xcassets in Resources */ = {isa = PBXBuildFile; fileRef = 478DF2EE2477955C00E19AC6 /* Preview Assets.xcassets */; };
		478DF2F22477955C00E19AC6 /* LaunchScreen.storyboard in Resources */ = {isa = PBXBuildFile; fileRef = 478DF2F02477955C00E19AC6 /* LaunchScreen.storyboard */; };
		478DF2FA247796F200E19AC6 /* redditData.swift in Sources */ = {isa = PBXBuildFile; fileRef = 478DF2F9247796F200E19AC6 /* redditData.swift */; };
		478DF2FC247797D500E19AC6 /* redditUIView.swift in Sources */ = {isa = PBXBuildFile; fileRef = 478DF2FB247797D500E19AC6 /* redditUIView.swift */; };
		773636197AAED9C0E1706D22 /* Pods_gaga.framework in Frameworks */ = {isa = PBXBuildFile; fileRef = EB30E3B9CA9725C036DAC95D /* Pods_gaga.framework */; };
/* End PBXBuildFile section */

/* Begin PBXFileReference section */
		0B040530F0225E7636A26353 /* Pods-gaga.release.xcconfig */ = {isa = PBXFileReference; includeInIndex = 1; lastKnownFileType = text.xcconfig; name = "Pods-gaga.release.xcconfig"; path = "Target Support Files/Pods-gaga/Pods-gaga.release.xcconfig"; sourceTree = "<group>"; };
		478DF2E22477955A00E19AC6 /* gaga.app */ = {isa = PBXFileReference; explicitFileType = wrapper.application; includeInIndex = 0; path = gaga.app; sourceTree = BUILT_PRODUCTS_DIR; };
		478DF2E52477955A00E19AC6 /* AppDelegate.swift */ = {isa = PBXFileReference; lastKnownFileType = sourcecode.swift; path = AppDelegate.swift; sourceTree = "<group>"; };
		478DF2E72477955A00E19AC6 /* SceneDelegate.swift */ = {isa = PBXFileReference; lastKnownFileType = sourcecode.swift; path = SceneDelegate.swift; sourceTree = "<group>"; };
		478DF2EB2477955C00E19AC6 /* Assets.xcassets */ = {isa = PBXFileReference; lastKnownFileType = folder.assetcatalog; path = Assets.xcassets; sourceTree = "<group>"; };
		478DF2EE2477955C00E19AC6 /* Preview Assets.xcassets */ = {isa = PBXFileReference; lastKnownFileType = folder.assetcatalog; path = "Preview Assets.xcassets"; sourceTree = "<group>"; };
		478DF2F12477955C00E19AC6 /* Base */ = {isa = PBXFileReference; lastKnownFileType = file.storyboard; name = Base; path = Base.lproj/LaunchScreen.storyboard; sourceTree = "<group>"; };
		478DF2F32477955C00E19AC6 /* Info.plist */ = {isa = PBXFileReference; lastKnownFileType = text.plist.xml; path = Info.plist; sourceTree = "<group>"; };
		478DF2F9247796F200E19AC6 /* redditData.swift */ = {isa = PBXFileReference; lastKnownFileType = sourcecode.swift; name = redditData.swift; path = /Users/user17/Desktop/gaga/gaga/redditData.swift; sourceTree = "<absolute>"; };
		478DF2FB247797D500E19AC6 /* redditUIView.swift */ = {isa = PBXFileReference; lastKnownFileType = sourcecode.swift; path = redditUIView.swift; sourceTree = "<group>"; };
		873B79F0F8EEA68E3DAB467C /* Pods-gaga.debug.xcconfig */ = {isa = PBXFileReference; includeInIndex = 1; lastKnownFileType = text.xcconfig; name = "Pods-gaga.debug.xcconfig"; path = "Target Support Files/Pods-gaga/Pods-gaga.debug.xcconfig"; sourceTree = "<group>"; };
		EB30E3B9CA9725C036DAC95D /* Pods_gaga.framework */ = {isa = PBXFileReference; explicitFileType = wrapper.framework; includeInIndex = 0; path = Pods_gaga.framework; sourceTree = BUILT_PRODUCTS_DIR; };
/* End PBXFileReference section */

/* Begin PBXFrameworksBuildPhase section */
		478DF2DF2477955A00E19AC6 /* Frameworks */ = {
			isa = PBXFrameworksBuildPhase;
			buildActionMask = 2147483647;
			files = (
				773636197AAED9C0E1706D22 /* Pods_gaga.framework in Frameworks */,
			);
			runOnlyForDeploymentPostprocessing = 0;
		};
/* End PBXFrameworksBuildPhase section */

/* Begin PBXGroup section */
		3081D77ABF15E2B409DB379F /* Pods */ = {
			isa = PBXGroup;
			children = (
				873B79F0F8EEA68E3DAB467C /* Pods-gaga.debug.xcconfig */,
				0B040530F0225E7636A26353 /* Pods-gaga.release.xcconfig */,
			);
			path = Pods;
			sourceTree = "<group>";
		};
		478DF2D92477955A00E19AC6 = {
			isa = PBXGroup;
			children = (
				478DF2E42477955A00E19AC6 /* gaga */,
				478DF2E32477955A00E19AC6 /* Products */,
				3081D77ABF15E2B409DB379F /* Pods */,
				FA122EB7E51CCBAC2465F3E2 /* Frameworks */,
			);
			sourceTree = "<group>";
		};
		478DF2E32477955A00E19AC6 /* Products */ = {
			isa = PBXGroup;
			children = (
				478DF2E22477955A00E19AC6 /* gaga.app */,
			);
			name = Products;
			sourceTree = "<group>";
		};
		478DF2E42477955A00E19AC6 /* gaga */ = {
			isa = PBXGroup;
			children = (
				478DF2F9247796F200E19AC6 /* redditData.swift */,
				478DF2FB247797D500E19AC6 /* redditUIView.swift */,
				478DF2E52477955A00E19AC6 /* AppDelegate.swift */,
				478DF2E72477955A00E19AC6 /* SceneDelegate.swift */,
				478DF2EB2477955C00E19AC6 /* Assets.xcassets */,
				478DF2F02477955C00E19AC6 /* LaunchScreen.storyboard */,
				478DF2F32477955C00E19AC6 /* Info.plist */,
				478DF2ED2477955C00E19AC6 /* Preview Content */,
			);
			path = gaga;
			sourceTree = "<group>";
		};
		478DF2ED2477955C00E19AC6 /* Preview Content */ = {
			isa = PBXGroup;
			children = (
				478DF2EE2477955C00E19AC6 /* Preview Assets.xcassets */,
			);
			path = "Preview Content";
			sourceTree = "<group>";
		};
		FA122EB7E51CCBAC2465F3E2 /* Frameworks */ = {
			isa = PBXGroup;
			children = (
				EB30E3B9CA9725C036DAC95D /* Pods_gaga.framework */,
			);
			name = Frameworks;
			sourceTree = "<group>";
		};
/* End PBXGroup section */

/* Begin PBXNativeTarget section */
		478DF2E12477955A00E19AC6 /* gaga */ = {
			isa = PBXNativeTarget;
			buildConfigurationList = 478DF2F62477955C00E19AC6 /* Build configuration list for PBXNativeTarget "gaga" */;
			buildPhases = (
				16C9716DBDC4FECA3BF266F3 /* [CP] Check Pods Manifest.lock */,
				478DF2DE2477955A00E19AC6 /* Sources */,
				478DF2DF2477955A00E19AC6 /* Frameworks */,
				478DF2E02477955A00E19AC6 /* Resources */,
				EB2214AC7914C9041BAA1DA3 /* [CP] Embed Pods Frameworks */,
			);
			buildRules = (
			);
			dependencies = (
			);
			name = gaga;
			productName = gaga;
			productReference = 478DF2E22477955A00E19AC6 /* gaga.app */;
			productType = "com.apple.product-type.application";
		};
/* End PBXNativeTarget section */

/* Begin PBXProject section */
		478DF2DA2477955A00E19AC6 /* Project object */ = {
			isa = PBXProject;
			attributes = {
				LastSwiftUpdateCheck = 1150;
				LastUpgradeCheck = 1150;
				ORGANIZATIONNAME = NTOU;
				TargetAttributes = {
					478DF2E12477955A00E19AC6 = {
						CreatedOnToolsVersion = 11.5;
					};
				};
			};
			buildConfigurationList = 478DF2DD2477955A00E19AC6 /* Build configuration list for PBXProject "gaga" */;
			compatibilityVersion = "Xcode 9.3";
			developmentRegion = en;
			hasScannedForEncodings = 0;
			knownRegions = (
				en,
				Base,
			);
			mainGroup = 478DF2D92477955A00E19AC6;
			productRefGroup = 478DF2E32477955A00E19AC6 /* Products */;
			projectDirPath = "";
			projectRoot = "";
			targets = (
				478DF2E12477955A00E19AC6 /* gaga */,
			);
		};
/* End PBXProject section */

/* Begin PBXResourcesBuildPhase section */
		478DF2E02477955A00E19AC6 /* Resources */ = {
			isa = PBXResourcesBuildPhase;
			buildActionMask = 2147483647;
			files = (
				478DF2F22477955C00E19AC6 /* LaunchScreen.storyboard in Resources */,
				478DF2EF2477955C00E19AC6 /* Preview Assets.xcassets in Resources */,
				478DF2EC2477955C00E19AC6 /* Assets.xcassets in Resources */,
			);
			runOnlyForDeploymentPostprocessing = 0;
		};
/* End PBXResourcesBuildPhase section */

/* Begin PBXShellScriptBuildPhase section */
		16C9716DBDC4FECA3BF266F3 /* [CP] Check Pods Manifest.lock */ = {
			isa = PBXShellScriptBuildPhase;
			buildActionMask = 2147483647;
			files = (
			);
			inputFileListPaths = (
			);
			inputPaths = (
				"${PODS_PODFILE_DIR_PATH}/Podfile.lock",
				"${PODS_ROOT}/Manifest.lock",
			);
			name = "[CP] Check Pods Manifest.lock";
			outputFileListPaths = (
			);
			outputPaths = (
				"$(DERIVED_FILE_DIR)/Pods-gaga-checkManifestLockResult.txt",
			);
			runOnlyForDeploymentPostprocessing = 0;
			shellPath = /bin/sh;
			shellScript = "diff \"${PODS_PODFILE_DIR_PATH}/Podfile.lock\" \"${PODS_ROOT}/Manifest.lock\" > /dev/null\nif [ $? != 0 ] ; then\n    # print error to STDERR\n    echo \"error: The sandbox is not in sync with the Podfile.lock. Run 'pod install' or update your CocoaPods installation.\" >&2\n    exit 1\nfi\n# This output is used by Xcode 'outputs' to avoid re-running this script phase.\necho \"SUCCESS\" > \"${SCRIPT_OUTPUT_FILE_0}\"\n";
			showEnvVarsInLog = 0;
		};
		EB2214AC7914C9041BAA1DA3 /* [CP] Embed Pods Frameworks */ = {
			isa = PBXShellScriptBuildPhase;
			buildActionMask = 2147483647;
			files = (
			);
			inputFileListPaths = (
				"${PODS_ROOT}/Target Support Files/Pods-gaga/Pods-gaga-frameworks-${CONFIGURATION}-input-files.xcfilelist",
			);
			name = "[CP] Embed Pods Frameworks";
			outputFileListPaths = (
				"${PODS_ROOT}/Target Support Files/Pods-gaga/Pods-gaga-frameworks-${CONFIGURATION}-output-files.xcfilelist",
			);
			runOnlyForDeploymentPostprocessing = 0;
			shellPath = /bin/sh;
			shellScript = "\"${PODS_ROOT}/Target Support Files/Pods-gaga/Pods-gaga-frameworks.sh\"\n";
			showEnvVarsInLog = 0;
		};
/* End PBXShellScriptBuildPhase section */

/* Begin PBXSourcesBuildPhase section */
		478DF2DE2477955A00E19AC6 /* Sources */ = {
			isa = PBXSourcesBuildPhase;
			buildActionMask = 2147483647;
			files = (
				478DF2E62477955A00E19AC6 /* AppDelegate.swift in Sources */,
				478DF2E82477955A00E19AC6 /* SceneDelegate.swift in Sources */,
				478DF2FC247797D500E19AC6 /* redditUIView.swift in Sources */,
				478DF2FA247796F200E19AC6 /* redditData.swift in Sources */,
			);
			runOnlyForDeploymentPostprocessing = 0;
		};
/* End PBXSourcesBuildPhase section */

/* Begin PBXVariantGroup section */
		478DF2F02477955C00E19AC6 /* LaunchScreen.storyboard */ = {
			isa = PBXVariantGroup;
			children = (
				478DF2F12477955C00E19AC6 /* Base */,
			);
			name = LaunchScreen.storyboard;
			sourceTree = "<group>";
		};
/* End PBXVariantGroup section */

/* Begin XCBuildConfiguration section */
		478DF2F42477955C00E19AC6 /* Debug */ = {
			isa = XCBuildConfiguration;
			buildSettings = {
				ALWAYS_SEARCH_USER_PATHS = NO;
				CLANG_ANALYZER_NONNULL = YES;
				CLANG_ANALYZER_NUMBER_OBJECT_CONVERSION = YES_AGGRESSIVE;
				CLANG_CXX_LANGUAGE_STANDARD = "gnu++14";
				CLANG_CXX_LIBRARY = "libc++";
				CLANG_ENABLE_MODULES = YES;
				CLANG_ENABLE_OBJC_ARC = YES;
				CLANG_ENABLE_OBJC_WEAK = YES;
				CLANG_WARN_BLOCK_CAPTURE_AUTORELEASING = YES;
				CLANG_WARN_BOOL_CONVERSION = YES;
				CLANG_WARN_COMMA = YES;
				CLANG_WARN_CONSTANT_CONVERSION = YES;
				CLANG_WARN_DEPRECATED_OBJC_IMPLEMENTATIONS = YES;
				CLANG_WARN_DIRECT_OBJC_ISA_USAGE = YES_ERROR;
				CLANG_WARN_DOCUMENTATION_COMMENTS = YES;
				CLANG_WARN_EMPTY_BODY = YES;
				CLANG_WARN_ENUM_CONVERSION = YES;
				CLANG_WARN_INFINITE_RECURSION = YES;
				CLANG_WARN_INT_CONVERSION = YES;
				CLANG_WARN_NON_LITERAL_NULL_CONVERSION = YES;
				CLANG_WARN_OBJC_IMPLICIT_RETAIN_SELF = YES;
				CLANG_WARN_OBJC_LITERAL_CONVERSION = YES;
				CLANG_WARN_OBJC_ROOT_CLASS = YES_ERROR;
				CLANG_WARN_RANGE_LOOP_ANALYSIS = YES;
				CLANG_WARN_STRICT_PROTOTYPES = YES;
				CLANG_WARN_SUSPICIOUS_MOVE = YES;
				CLANG_WARN_UNGUARDED_AVAILABILITY = YES_AGGRESSIVE;
				CLANG_WARN_UNREACHABLE_CODE = YES;
				CLANG_WARN__DUPLICATE_METHOD_MATCH = YES;
				COPY_PHASE_STRIP = NO;
				DEBUG_INFORMATION_FORMAT = dwarf;
				ENABLE_STRICT_OBJC_MSGSEND = YES;
				ENABLE_TESTABILITY = YES;
				GCC_C_LANGUAGE_STANDARD = gnu11;
				GCC_DYNAMIC_NO_PIC = NO;
				GCC_NO_COMMON_BLOCKS = YES;
				GCC_OPTIMIZATION_LEVEL = 0;
				GCC_PREPROCESSOR_DEFINITIONS = (
					"DEBUG=1",
					"$(inherited)",
				);
				GCC_WARN_64_TO_32_BIT_CONVERSION = YES;
				GCC_WARN_ABOUT_RETURN_TYPE = YES_ERROR;
				GCC_WARN_UNDECLARED_SELECTOR = YES;
				GCC_WARN_UNINITIALIZED_AUTOS = YES_AGGRESSIVE;
				GCC_WARN_UNUSED_FUNCTION = YES;
				GCC_WARN_UNUSED_VARIABLE = YES;
				IPHONEOS_DEPLOYMENT_TARGET = 13.5;
				MTL_ENABLE_DEBUG_INFO = INCLUDE_SOURCE;
				MTL_FAST_MATH = YES;
				ONLY_ACTIVE_ARCH = YES;
				SDKROOT = iphoneos;
				SWIFT_ACTIVE_COMPILATION_CONDITIONS = DEBUG;
				SWIFT_OPTIMIZATION_LEVEL = "-Onone";
			};
			name = Debug;
		};
		478DF2F52477955C00E19AC6 /* Release */ = {
			isa = XCBuildConfiguration;
			buildSettings = {
				ALWAYS_SEARCH_USER_PATHS = NO;
				CLANG_ANALYZER_NONNULL = YES;
				CLANG_ANALYZER_NUMBER_OBJECT_CONVERSION = YES_AGGRESSIVE;
				CLANG_CXX_LANGUAGE_STANDARD = "gnu++14";
				CLANG_CXX_LIBRARY = "libc++";
				CLANG_ENABLE_MODULES = YES;
				CLANG_ENABLE_OBJC_ARC = YES;
				CLANG_ENABLE_OBJC_WEAK = YES;
				CLANG_WARN_BLOCK_CAPTURE_AUTORELEASING = YES;
				CLANG_WARN_BOOL_CONVERSION = YES;
				CLANG_WARN_COMMA = YES;
				CLANG_WARN_CONSTANT_CONVERSION = YES;
				CLANG_WARN_DEPRECATED_OBJC_IMPLEMENTATIONS = YES;
				CLANG_WARN_DIRECT_OBJC_ISA_USAGE = YES_ERROR;
				CLANG_WARN_DOCUMENTATION_COMMENTS = YES;
				CLANG_WARN_EMPTY_BODY = YES;
				CLANG_WARN_ENUM_CONVERSION = YES;
				CLANG_WARN_INFINITE_RECURSION = YES;
				CLANG_WARN_INT_CONVERSION = YES;
				CLANG_WARN_NON_LITERAL_NULL_CONVERSION = YES;
				CLANG_WARN_OBJC_IMPLICIT_RETAIN_SELF = YES;
				CLANG_WARN_OBJC_LITERAL_CONVERSION = YES;
				CLANG_WARN_OBJC_ROOT_CLASS = YES_ERROR;
				CLANG_WARN_RANGE_LOOP_ANALYSIS = YES;
				CLANG_WARN_STRICT_PROTOTYPES = YES;
				CLANG_WARN_SUSPICIOUS_MOVE = YES;
				CLANG_WARN_UNGUARDED_AVAILABILITY = YES_AGGRESSIVE;
				CLANG_WARN_UNREACHABLE_CODE = YES;
				CLANG_WARN__DUPLICATE_METHOD_MATCH = YES;
				COPY_PHASE_STRIP = NO;
				DEBUG_INFORMATION_FORMAT = "dwarf-with-dsym";
				ENABLE_NS_ASSERTIONS = NO;
				ENABLE_STRICT_OBJC_MSGSEND = YES;
				GCC_C_LANGUAGE_STANDARD = gnu11;
				GCC_NO_COMMON_BLOCKS = YES;
				GCC_WARN_64_TO_32_BIT_CONVERSION = YES;
				GCC_WARN_ABOUT_RETURN_TYPE = YES_ERROR;
				GCC_WARN_UNDECLARED_SELECTOR = YES;
				GCC_WARN_UNINITIALIZED_AUTOS = YES_AGGRESSIVE;
				GCC_WARN_UNUSED_FUNCTION = YES;
				GCC_WARN_UNUSED_VARIABLE = YES;
				IPHONEOS_DEPLOYMENT_TARGET = 13.5;
				MTL_ENABLE_DEBUG_INFO = NO;
				MTL_FAST_MATH = YES;
				SDKROOT = iphoneos;
				SWIFT_COMPILATION_MODE = wholemodule;
				SWIFT_OPTIMIZATION_LEVEL = "-O";
				VALIDATE_PRODUCT = YES;
			};
			name = Release;
		};
		478DF2F72477955C00E19AC6 /* Debug */ = {
			isa = XCBuildConfiguration;
			baseConfigurationReference = 873B79F0F8EEA68E3DAB467C /* Pods-gaga.debug.xcconfig */;
			buildSettings = {
				ASSETCATALOG_COMPILER_APPICON_NAME = AppIcon;
				CODE_SIGN_STYLE = Automatic;
				DEVELOPMENT_ASSET_PATHS = "\"gaga/Preview Content\"";
				ENABLE_PREVIEWS = YES;
				INFOPLIST_FILE = gaga/Info.plist;
				LD_RUNPATH_SEARCH_PATHS = (
					"$(inherited)",
					"@executable_path/Frameworks",
				);
				PRODUCT_BUNDLE_IDENTIFIER = NTOU.gaga;
				PRODUCT_NAME = "$(TARGET_NAME)";
				SWIFT_VERSION = 5.0;
				TARGETED_DEVICE_FAMILY = "1,2";
			};
			name = Debug;
		};
		478DF2F82477955C00E19AC6 /* Release */ = {
			isa = XCBuildConfiguration;
			baseConfigurationReference = 0B040530F0225E7636A26353 /* Pods-gaga.release.xcconfig */;
			buildSettings = {
				ASSETCATALOG_COMPILER_APPICON_NAME = AppIcon;
				CODE_SIGN_STYLE = Automatic;
				DEVELOPMENT_ASSET_PATHS = "\"gaga/Preview Content\"";
				ENABLE_PREVIEWS = YES;
				INFOPLIST_FILE = gaga/Info.plist;
				LD_RUNPATH_SEARCH_PATHS = (
					"$(inherited)",
					"@executable_path/Frameworks",
				);
				PRODUCT_BUNDLE_IDENTIFIER = NTOU.gaga;
				PRODUCT_NAME = "$(TARGET_NAME)";
				SWIFT_VERSION = 5.0;
				TARGETED_DEVICE_FAMILY = "1,2";
			};
			name = Release;
		};
/* End XCBuildConfiguration section */

/* Begin XCConfigurationList section */
		478DF2DD2477955A00E19AC6 /* Build configuration list for PBXProject "gaga" */ = {
			isa = XCConfigurationList;
			buildConfigurations = (
				478DF2F42477955C00E19AC6 /* Debug */,
				478DF2F52477955C00E19AC6 /* Release */,
			);
			defaultConfigurationIsVisible = 0;
			defaultConfigurationName = Release;
		};
		478DF2F62477955C00E19AC6 /* Build configuration list for PBXNativeTarget "gaga" */ = {
			isa = XCConfigurationList;
			buildConfigurations = (
				478DF2F72477955C00E19AC6 /* Debug */,
				478DF2F82477955C00E19AC6 /* Release */,
			);
			defaultConfigurationIsVisible = 0;
			defaultConfigurationName = Release;
		};
/* End XCConfigurationList section */
	};
	rootObject = 478DF2DA2477955A00E19AC6 /* Project object */;
}
